// !$*UTF8*$!
{
	archiveVersion = 1;
	classes = {
	};
	objectVersion = 46;
	objects = {

/* Begin PBXBuildFile section */
		560FA6BC93FCA5A44B57CEB6 /* libPods.a in Frameworks */ = {isa = PBXBuildFile; fileRef = 8FB5DDF516576A0E16C67F8B /* libPods.a */; };
		8547DDFC1C4DBF120075D703 /* main.m in Sources */ = {isa = PBXBuildFile; fileRef = 8547DDFB1C4DBF120075D703 /* main.m */; };
		8547DDFF1C4DBF120075D703 /* AppDelegate.m in Sources */ = {isa = PBXBuildFile; fileRef = 8547DDFE1C4DBF120075D703 /* AppDelegate.m */; };
		8547DE021C4DBF120075D703 /* LaunchAnimationView.m in Sources */ = {isa = PBXBuildFile; fileRef = 8547DE011C4DBF120075D703 /* LaunchAnimationView.m */; };
		8547DE051C4DBF120075D703 /* Main.storyboard in Resources */ = {isa = PBXBuildFile; fileRef = 8547DE031C4DBF120075D703 /* Main.storyboard */; };
		8547DE071C4DBF120075D703 /* Assets.xcassets in Resources */ = {isa = PBXBuildFile; fileRef = 8547DE061C4DBF120075D703 /* Assets.xcassets */; };
		8547DE0A1C4DBF120075D703 /* LaunchScreen.storyboard in Resources */ = {isa = PBXBuildFile; fileRef = 8547DE081C4DBF120075D703 /* LaunchScreen.storyboard */; };
		8547DE131C4E23B10075D703 /* AFNTool.m in Sources */ = {isa = PBXBuildFile; fileRef = 8547DE121C4E23B10075D703 /* AFNTool.m */; };
		8547DE201C4E2DEA0075D703 /* MainViewController.m in Sources */ = {isa = PBXBuildFile; fileRef = 8547DE1F1C4E2DEA0075D703 /* MainViewController.m */; };
		8547DE2D1C4E32480075D703 /* UIWindow+Launch.m in Sources */ = {isa = PBXBuildFile; fileRef = 8547DE2C1C4E32480075D703 /* UIWindow+Launch.m */; };
		8547DE301C4E355B0075D703 /* GetLaunchDataInfo.m in Sources */ = {isa = PBXBuildFile; fileRef = 8547DE2F1C4E355B0075D703 /* GetLaunchDataInfo.m */; };
		8547DE331C4E36960075D703 /* LaunchView.m in Sources */ = {isa = PBXBuildFile; fileRef = 8547DE321C4E36960075D703 /* LaunchView.m */; };
		8547DE361C4E3DD90075D703 /* CustomLaunch.m in Sources */ = {isa = PBXBuildFile; fileRef = 8547DE351C4E3DD90075D703 /* CustomLaunch.m */; };
		8547DE391C4F139E0075D703 /* LaunchData.m in Sources */ = {isa = PBXBuildFile; fileRef = 8547DE381C4F139E0075D703 /* LaunchData.m */; };
		8575FA6E1D25021F003B9303 /* LatestSectionModel.m in Sources */ = {isa = PBXBuildFile; fileRef = 8575FA6D1D25021F003B9303 /* LatestSectionModel.m */; };
		85E3C4C51D210046002E4ECB /* ZHMainViewController.m in Sources */ = {isa = PBXBuildFile; fileRef = 85E3C4C41D210046002E4ECB /* ZHMainViewController.m */; };
		85E3C4CE1D2100FC002E4ECB /* VideoNewsMainController.m in Sources */ = {isa = PBXBuildFile; fileRef = 85E3C4CD1D2100FC002E4ECB /* VideoNewsMainController.m */; };
		85E3C4D11D21011A002E4ECB /* NeteaseNewsMainController.m in Sources */ = {isa = PBXBuildFile; fileRef = 85E3C4D01D21011A002E4ECB /* NeteaseNewsMainController.m */; };
		85E3C4D41D210441002E4ECB /* language.strings in Resources */ = {isa = PBXBuildFile; fileRef = 85E3C4D61D210441002E4ECB /* language.strings */; };
		85E3C4F01D2106CB002E4ECB /* LanguageManage.m in Sources */ = {isa = PBXBuildFile; fileRef = 85E3C4EF1D2106CB002E4ECB /* LanguageManage.m */; };
		85E3C4F21D2115A2002E4ECB /* Image.xcassets in Resources */ = {isa = PBXBuildFile; fileRef = 85E3C4F11D2115A2002E4ECB /* Image.xcassets */; };
/* End PBXBuildFile section */

/* Begin PBXFileReference section */
		8547DDF71C4DBF120075D703 /* WBZhiHuDailyPape.app */ = {isa = PBXFileReference; explicitFileType = wrapper.application; includeInIndex = 0; path = WBZhiHuDailyPape.app; sourceTree = BUILT_PRODUCTS_DIR; };
		8547DDFB1C4DBF120075D703 /* main.m */ = {isa = PBXFileReference; lastKnownFileType = sourcecode.c.objc; path = main.m; sourceTree = "<group>"; };
		8547DDFD1C4DBF120075D703 /* AppDelegate.h */ = {isa = PBXFileReference; lastKnownFileType = sourcecode.c.h; path = AppDelegate.h; sourceTree = "<group>"; };
		8547DDFE1C4DBF120075D703 /* AppDelegate.m */ = {isa = PBXFileReference; lastKnownFileType = sourcecode.c.objc; path = AppDelegate.m; sourceTree = "<group>"; };
		8547DE001C4DBF120075D703 /* LaunchAnimationView.h */ = {isa = PBXFileReference; lastKnownFileType = sourcecode.c.h; path = LaunchAnimationView.h; sourceTree = "<group>"; };
		8547DE011C4DBF120075D703 /* LaunchAnimationView.m */ = {isa = PBXFileReference; lastKnownFileType = sourcecode.c.objc; path = LaunchAnimationView.m; sourceTree = "<group>"; };
		8547DE041C4DBF120075D703 /* Base */ = {isa = PBXFileReference; lastKnownFileType = file.storyboard; name = Base; path = Base.lproj/Main.storyboard; sourceTree = "<group>"; };
		8547DE061C4DBF120075D703 /* Assets.xcassets */ = {isa = PBXFileReference; lastKnownFileType = folder.assetcatalog; path = Assets.xcassets; sourceTree = "<group>"; };
		8547DE091C4DBF120075D703 /* Base */ = {isa = PBXFileReference; lastKnownFileType = file.storyboard; name = Base; path = Base.lproj/LaunchScreen.storyboard; sourceTree = "<group>"; };
		8547DE0B1C4DBF120075D703 /* Info.plist */ = {isa = PBXFileReference; lastKnownFileType = text.plist.xml; path = Info.plist; sourceTree = "<group>"; };
		8547DE111C4E23B10075D703 /* AFNTool.h */ = {isa = PBXFileReference; fileEncoding = 4; lastKnownFileType = sourcecode.c.h; path = AFNTool.h; sourceTree = "<group>"; };
		8547DE121C4E23B10075D703 /* AFNTool.m */ = {isa = PBXFileReference; fileEncoding = 4; lastKnownFileType = sourcecode.c.objc; path = AFNTool.m; sourceTree = "<group>"; };
		8547DE1E1C4E2DEA0075D703 /* MainViewController.h */ = {isa = PBXFileReference; fileEncoding = 4; lastKnownFileType = sourcecode.c.h; path = MainViewController.h; sourceTree = "<group>"; };
		8547DE1F1C4E2DEA0075D703 /* MainViewController.m */ = {isa = PBXFileReference; fileEncoding = 4; lastKnownFileType = sourcecode.c.objc; path = MainViewController.m; sourceTree = "<group>"; };
		8547DE281C4E30520075D703 /* Macros.h */ = {isa = PBXFileReference; lastKnownFileType = sourcecode.c.h; path = Macros.h; sourceTree = "<group>"; };
		8547DE291C4E30A10075D703 /* PrefixHeader.pch */ = {isa = PBXFileReference; lastKnownFileType = sourcecode.c.h; path = PrefixHeader.pch; sourceTree = "<group>"; };
		8547DE2B1C4E32480075D703 /* UIWindow+Launch.h */ = {isa = PBXFileReference; fileEncoding = 4; lastKnownFileType = sourcecode.c.h; path = "UIWindow+Launch.h"; sourceTree = "<group>"; };
		8547DE2C1C4E32480075D703 /* UIWindow+Launch.m */ = {isa = PBXFileReference; fileEncoding = 4; lastKnownFileType = sourcecode.c.objc; path = "UIWindow+Launch.m"; sourceTree = "<group>"; };
		8547DE2E1C4E355B0075D703 /* GetLaunchDataInfo.h */ = {isa = PBXFileReference; fileEncoding = 4; lastKnownFileType = sourcecode.c.h; path = GetLaunchDataInfo.h; sourceTree = "<group>"; };
		8547DE2F1C4E355B0075D703 /* GetLaunchDataInfo.m */ = {isa = PBXFileReference; fileEncoding = 4; lastKnownFileType = sourcecode.c.objc; path = GetLaunchDataInfo.m; sourceTree = "<group>"; };
		8547DE311C4E36960075D703 /* LaunchView.h */ = {isa = PBXFileReference; fileEncoding = 4; lastKnownFileType = sourcecode.c.h; path = LaunchView.h; sourceTree = "<group>"; };
		8547DE321C4E36960075D703 /* LaunchView.m */ = {isa = PBXFileReference; fileEncoding = 4; lastKnownFileType = sourcecode.c.objc; path = LaunchView.m; sourceTree = "<group>"; };
		8547DE341C4E3DD90075D703 /* CustomLaunch.h */ = {isa = PBXFileReference; fileEncoding = 4; lastKnownFileType = sourcecode.c.h; path = CustomLaunch.h; sourceTree = "<group>"; };
		8547DE351C4E3DD90075D703 /* CustomLaunch.m */ = {isa = PBXFileReference; fileEncoding = 4; lastKnownFileType = sourcecode.c.objc; path = CustomLaunch.m; sourceTree = "<group>"; };
		8547DE371C4F139E0075D703 /* LaunchData.h */ = {isa = PBXFileReference; fileEncoding = 4; lastKnownFileType = sourcecode.c.h; path = LaunchData.h; sourceTree = "<group>"; };
		8547DE381C4F139E0075D703 /* LaunchData.m */ = {isa = PBXFileReference; fileEncoding = 4; lastKnownFileType = sourcecode.c.objc; path = LaunchData.m; sourceTree = "<group>"; };
		8575FA6C1D25021F003B9303 /* LatestSectionModel.h */ = {isa = PBXFileReference; fileEncoding = 4; lastKnownFileType = sourcecode.c.h; path = LatestSectionModel.h; sourceTree = "<group>"; };
		8575FA6D1D25021F003B9303 /* LatestSectionModel.m */ = {isa = PBXFileReference; fileEncoding = 4; lastKnownFileType = sourcecode.c.objc; path = LatestSectionModel.m; sourceTree = "<group>"; };
		85E3C4C31D210046002E4ECB /* ZHMainViewController.h */ = {isa = PBXFileReference; fileEncoding = 4; lastKnownFileType = sourcecode.c.h; name = ZHMainViewController.h; path = ZhiHu/ZHMainViewController.h; sourceTree = "<group>"; };
		85E3C4C41D210046002E4ECB /* ZHMainViewController.m */ = {isa = PBXFileReference; fileEncoding = 4; lastKnownFileType = sourcecode.c.objc; name = ZHMainViewController.m; path = ZhiHu/ZHMainViewController.m; sourceTree = "<group>"; };
		85E3C4CC1D2100FC002E4ECB /* VideoNewsMainController.h */ = {isa = PBXFileReference; fileEncoding = 4; lastKnownFileType = sourcecode.c.h; name = VideoNewsMainController.h; path = NeteaseNews/VideoNewsMainController.h; sourceTree = "<group>"; };
		85E3C4CD1D2100FC002E4ECB /* VideoNewsMainController.m */ = {isa = PBXFileReference; fileEncoding = 4; lastKnownFileType = sourcecode.c.objc; name = VideoNewsMainController.m; path = NeteaseNews/VideoNewsMainController.m; sourceTree = "<group>"; };
		85E3C4CF1D21011A002E4ECB /* NeteaseNewsMainController.h */ = {isa = PBXFileReference; fileEncoding = 4; lastKnownFileType = sourcecode.c.h; name = NeteaseNewsMainController.h; path = NeteaseNews/NeteaseNewsMainController.h; sourceTree = "<group>"; };
		85E3C4D01D21011A002E4ECB /* NeteaseNewsMainController.m */ = {isa = PBXFileReference; fileEncoding = 4; lastKnownFileType = sourcecode.c.objc; name = NeteaseNewsMainController.m; path = NeteaseNews/NeteaseNewsMainController.m; sourceTree = "<group>"; };
		85E3C4D51D210441002E4ECB /* en */ = {isa = PBXFileReference; lastKnownFileType = text.plist.strings; name = en; path = en.lproj/language.strings; sourceTree = "<group>"; };
		85E3C4D81D21054D002E4ECB /* zh-Hans */ = {isa = PBXFileReference; lastKnownFileType = text.plist.strings; name = "zh-Hans"; path = "zh-Hans.lproj/Main.strings"; sourceTree = "<group>"; };
		85E3C4D91D21054D002E4ECB /* zh-Hans */ = {isa = PBXFileReference; lastKnownFileType = text.plist.strings; name = "zh-Hans"; path = "zh-Hans.lproj/LaunchScreen.strings"; sourceTree = "<group>"; };
		85E3C4DA1D21054D002E4ECB /* zh-Hans */ = {isa = PBXFileReference; lastKnownFileType = text.plist.strings; name = "zh-Hans"; path = "zh-Hans.lproj/language.strings"; sourceTree = "<group>"; };
		85E3C4EE1D2106CB002E4ECB /* LanguageManage.h */ = {isa = PBXFileReference; fileEncoding = 4; lastKnownFileType = sourcecode.c.h; path = LanguageManage.h; sourceTree = "<group>"; };
		85E3C4EF1D2106CB002E4ECB /* LanguageManage.m */ = {isa = PBXFileReference; fileEncoding = 4; lastKnownFileType = sourcecode.c.objc; path = LanguageManage.m; sourceTree = "<group>"; };
		85E3C4F11D2115A2002E4ECB /* Image.xcassets */ = {isa = PBXFileReference; lastKnownFileType = folder.assetcatalog; name = Image.xcassets; path = Image/Image.xcassets; sourceTree = "<group>"; };
		8FB5DDF516576A0E16C67F8B /* libPods.a */ = {isa = PBXFileReference; explicitFileType = archive.ar; includeInIndex = 0; path = libPods.a; sourceTree = BUILT_PRODUCTS_DIR; };
		ECFEB6DA659C24A17EA38243 /* Pods.debug.xcconfig */ = {isa = PBXFileReference; includeInIndex = 1; lastKnownFileType = text.xcconfig; name = Pods.debug.xcconfig; path = "Pods/Target Support Files/Pods/Pods.debug.xcconfig"; sourceTree = "<group>"; };
		FAF0A9854DEC6160C8CE64E4 /* Pods.release.xcconfig */ = {isa = PBXFileReference; includeInIndex = 1; lastKnownFileType = text.xcconfig; name = Pods.release.xcconfig; path = "Pods/Target Support Files/Pods/Pods.release.xcconfig"; sourceTree = "<group>"; };
/* End PBXFileReference section */

/* Begin PBXFrameworksBuildPhase section */
		8547DDF41C4DBF120075D703 /* Frameworks */ = {
			isa = PBXFrameworksBuildPhase;
			buildActionMask = 2147483647;
			files = (
				560FA6BC93FCA5A44B57CEB6 /* libPods.a in Frameworks */,
			);
			runOnlyForDeploymentPostprocessing = 0;
		};
/* End PBXFrameworksBuildPhase section */

/* Begin PBXGroup section */
		8547DDEE1C4DBF120075D703 = {
			isa = PBXGroup;
			children = (
				8547DDF91C4DBF120075D703 /* GSZhiHuAPITest */,
				8547DDF81C4DBF120075D703 /* Products */,
				E15B0A2C30FF97BF33A4BA1D /* Pods */,
				D057CE8935D0BBED7DB6AFBD /* Frameworks */,
			);
			sourceTree = "<group>";
		};
		8547DDF81C4DBF120075D703 /* Products */ = {
			isa = PBXGroup;
			children = (
				8547DDF71C4DBF120075D703 /* WBZhiHuDailyPape.app */,
			);
			name = Products;
			sourceTree = "<group>";
		};
		8547DDF91C4DBF120075D703 /* GSZhiHuAPITest */ = {
			isa = PBXGroup;
			children = (
				85E3C4C61D21008B002E4ECB /* VideoNews */,
				8547DE251C4E2FE20075D703 /* Utils */,
				8547DE241C4E2E430075D703 /* AppDelegate */,
				8547DE1A1C4E2D010075D703 /* Main */,
				85E3C4B81D20FB7A002E4ECB /* Netease News */,
				85E3C4B71D20FB1D002E4ECB /* ZhiHuDaily */,
				8547DE151C4E297C0075D703 /* Launch */,
				8547DDFA1C4DBF120075D703 /* Supporting Files */,
			);
			path = GSZhiHuAPITest;
			sourceTree = "<group>";
		};
		8547DDFA1C4DBF120075D703 /* Supporting Files */ = {
			isa = PBXGroup;
			children = (
				8547DE031C4DBF120075D703 /* Main.storyboard */,
				8547DE061C4DBF120075D703 /* Assets.xcassets */,
				8547DE081C4DBF120075D703 /* LaunchScreen.storyboard */,
				8547DE0B1C4DBF120075D703 /* Info.plist */,
				8547DDFB1C4DBF120075D703 /* main.m */,
				8547DE291C4E30A10075D703 /* PrefixHeader.pch */,
				85E3C4D61D210441002E4ECB /* language.strings */,
				85E3C4F11D2115A2002E4ECB /* Image.xcassets */,
			);
			name = "Supporting Files";
			sourceTree = "<group>";
		};
		8547DE141C4E23BD0075D703 /* Model */ = {
			isa = PBXGroup;
			children = (
				8547DE111C4E23B10075D703 /* AFNTool.h */,
				8547DE121C4E23B10075D703 /* AFNTool.m */,
			);
			name = Model;
			sourceTree = "<group>";
		};
		8547DE151C4E297C0075D703 /* Launch */ = {
			isa = PBXGroup;
			children = (
				8547DE181C4E29B40075D703 /* View */,
				8547DE161C4E299C0075D703 /* Controller */,
				8547DE141C4E23BD0075D703 /* Model */,
			);
			name = Launch;
			sourceTree = "<group>";
		};
		8547DE161C4E299C0075D703 /* Controller */ = {
			isa = PBXGroup;
			children = (
				8547DE171C4E29A70075D703 /* DataController */,
				8547DE001C4DBF120075D703 /* LaunchAnimationView.h */,
				8547DE011C4DBF120075D703 /* LaunchAnimationView.m */,
			);
			name = Controller;
			sourceTree = "<group>";
		};
		8547DE171C4E29A70075D703 /* DataController */ = {
			isa = PBXGroup;
			children = (
				8547DE2E1C4E355B0075D703 /* GetLaunchDataInfo.h */,
				8547DE2F1C4E355B0075D703 /* GetLaunchDataInfo.m */,
				8547DE371C4F139E0075D703 /* LaunchData.h */,
				8547DE381C4F139E0075D703 /* LaunchData.m */,
			);
			name = DataController;
			sourceTree = "<group>";
		};
		8547DE181C4E29B40075D703 /* View */ = {
			isa = PBXGroup;
			children = (
				8547DE311C4E36960075D703 /* LaunchView.h */,
				8547DE321C4E36960075D703 /* LaunchView.m */,
				8547DE191C4E29BB0075D703 /* ViewModel */,
			);
			name = View;
			sourceTree = "<group>";
		};
		8547DE191C4E29BB0075D703 /* ViewModel */ = {
			isa = PBXGroup;
			children = (
				8547DE341C4E3DD90075D703 /* CustomLaunch.h */,
				8547DE351C4E3DD90075D703 /* CustomLaunch.m */,
			);
			name = ViewModel;
			sourceTree = "<group>";
		};
		8547DE1A1C4E2D010075D703 /* Main */ = {
			isa = PBXGroup;
			children = (
				8547DE231C4E2E240075D703 /* View */,
				8547DE221C4E2E1C0075D703 /* Model */,
				8547DE211C4E2E0C0075D703 /* Controller */,
			);
			name = Main;
			sourceTree = "<group>";
		};
		8547DE211C4E2E0C0075D703 /* Controller */ = {
			isa = PBXGroup;
			children = (
				8547DE2A1C4E32040075D703 /* DataController */,
				8547DE1E1C4E2DEA0075D703 /* MainViewController.h */,
				8547DE1F1C4E2DEA0075D703 /* MainViewController.m */,
			);
			name = Controller;
			sourceTree = "<group>";
		};
		8547DE221C4E2E1C0075D703 /* Model */ = {
			isa = PBXGroup;
			children = (
			);
			name = Model;
			sourceTree = "<group>";
		};
		8547DE231C4E2E240075D703 /* View */ = {
			isa = PBXGroup;
			children = (
			);
			name = View;
			sourceTree = "<group>";
		};
		8547DE241C4E2E430075D703 /* AppDelegate */ = {
			isa = PBXGroup;
			children = (
				8547DDFD1C4DBF120075D703 /* AppDelegate.h */,
				8547DDFE1C4DBF120075D703 /* AppDelegate.m */,
			);
			name = AppDelegate;
			sourceTree = "<group>";
		};
		8547DE251C4E2FE20075D703 /* Utils */ = {
			isa = PBXGroup;
			children = (
				8547DE271C4E30130075D703 /* Common */,
				8547DE261C4E30060075D703 /* Category */,
			);
			name = Utils;
			sourceTree = "<group>";
		};
		8547DE261C4E30060075D703 /* Category */ = {
			isa = PBXGroup;
			children = (
			);
			name = Category;
			sourceTree = "<group>";
		};
		8547DE271C4E30130075D703 /* Common */ = {
			isa = PBXGroup;
			children = (
				8547DE281C4E30520075D703 /* Macros.h */,
				85E3C4EE1D2106CB002E4ECB /* LanguageManage.h */,
				85E3C4EF1D2106CB002E4ECB /* LanguageManage.m */,
			);
			name = Common;
			sourceTree = "<group>";
		};
		8547DE2A1C4E32040075D703 /* DataController */ = {
			isa = PBXGroup;
			children = (
				8547DE2B1C4E32480075D703 /* UIWindow+Launch.h */,
				8547DE2C1C4E32480075D703 /* UIWindow+Launch.m */,
			);
			name = DataController;
			sourceTree = "<group>";
		};
		85E3C4B71D20FB1D002E4ECB /* ZhiHuDaily */ = {
			isa = PBXGroup;
			children = (
				85E3C4BE1D20FBF2002E4ECB /* Controller */,
				85E3C4BD1D20FBEC002E4ECB /* Model */,
				85E3C4BC1D20FBE4002E4ECB /* View */,
			);
			name = ZhiHuDaily;
			sourceTree = "<group>";
		};
		85E3C4B81D20FB7A002E4ECB /* Netease News */ = {
			isa = PBXGroup;
			children = (
				85E3C4BB1D20FBDC002E4ECB /* Controller */,
				85E3C4BA1D20FBD4002E4ECB /* Model */,
				85E3C4B91D20FBC5002E4ECB /* View */,
			);
			name = "Netease News";
			sourceTree = "<group>";
		};
		85E3C4B91D20FBC5002E4ECB /* View */ = {
			isa = PBXGroup;
			children = (
				85E3C4C21D20FC3C002E4ECB /* ViewModel */,
			);
			name = View;
			sourceTree = "<group>";
		};
		85E3C4BA1D20FBD4002E4ECB /* Model */ = {
			isa = PBXGroup;
			children = (
			);
			name = Model;
			sourceTree = "<group>";
		};
		85E3C4BB1D20FBDC002E4ECB /* Controller */ = {
			isa = PBXGroup;
			children = (
				85E3C4C11D20FC32002E4ECB /* DataController */,
				85E3C4CF1D21011A002E4ECB /* NeteaseNewsMainController.h */,
				85E3C4D01D21011A002E4ECB /* NeteaseNewsMainController.m */,
			);
			name = Controller;
			sourceTree = "<group>";
		};
		85E3C4BC1D20FBE4002E4ECB /* View */ = {
			isa = PBXGroup;
			children = (
				85E3C4C01D20FC22002E4ECB /* ViewModel */,
			);
			name = View;
			sourceTree = "<group>";
		};
		85E3C4BD1D20FBEC002E4ECB /* Model */ = {
			isa = PBXGroup;
			children = (
			);
			name = Model;
			sourceTree = "<group>";
		};
		85E3C4BE1D20FBF2002E4ECB /* Controller */ = {
			isa = PBXGroup;
			children = (
				85E3C4C31D210046002E4ECB /* ZHMainViewController.h */,
				85E3C4C41D210046002E4ECB /* ZHMainViewController.m */,
				85E3C4BF1D20FBFE002E4ECB /* DataController */,
			);
			name = Controller;
			sourceTree = "<group>";
		};
		85E3C4BF1D20FBFE002E4ECB /* DataController */ = {
			isa = PBXGroup;
			children = (
				8575FA6C1D25021F003B9303 /* LatestSectionModel.h */,
				8575FA6D1D25021F003B9303 /* LatestSectionModel.m */,
			);
			name = DataController;
			sourceTree = "<group>";
		};
		85E3C4C01D20FC22002E4ECB /* ViewModel */ = {
			isa = PBXGroup;
			children = (
			);
			name = ViewModel;
			sourceTree = "<group>";
		};
		85E3C4C11D20FC32002E4ECB /* DataController */ = {
			isa = PBXGroup;
			children = (
			);
			name = DataController;
			sourceTree = "<group>";
		};
		85E3C4C21D20FC3C002E4ECB /* ViewModel */ = {
			isa = PBXGroup;
			children = (
			);
			name = ViewModel;
			sourceTree = "<group>";
		};
		85E3C4C61D21008B002E4ECB /* VideoNews */ = {
			isa = PBXGroup;
			children = (
				85E3C4C91D2100AF002E4ECB /* Model */,
				85E3C4C81D2100AB002E4ECB /* View */,
				85E3C4C71D2100A4002E4ECB /* Controller */,
			);
			name = VideoNews;
			sourceTree = "<group>";
		};
		85E3C4C71D2100A4002E4ECB /* Controller */ = {
			isa = PBXGroup;
			children = (
				85E3C4CB1D2100BF002E4ECB /* DataController */,
				85E3C4CC1D2100FC002E4ECB /* VideoNewsMainController.h */,
				85E3C4CD1D2100FC002E4ECB /* VideoNewsMainController.m */,
			);
			name = Controller;
			sourceTree = "<group>";
		};
		85E3C4C81D2100AB002E4ECB /* View */ = {
			isa = PBXGroup;
			children = (
				85E3C4CA1D2100B5002E4ECB /* ViewModel */,
			);
			name = View;
			sourceTree = "<group>";
		};
		85E3C4C91D2100AF002E4ECB /* Model */ = {
			isa = PBXGroup;
			children = (
			);
			name = Model;
			sourceTree = "<group>";
		};
		85E3C4CA1D2100B5002E4ECB /* ViewModel */ = {
			isa = PBXGroup;
			children = (
			);
			name = ViewModel;
			sourceTree = "<group>";
		};
		85E3C4CB1D2100BF002E4ECB /* DataController */ = {
			isa = PBXGroup;
			children = (
			);
			name = DataController;
			sourceTree = "<group>";
		};
		D057CE8935D0BBED7DB6AFBD /* Frameworks */ = {
			isa = PBXGroup;
			children = (
				8FB5DDF516576A0E16C67F8B /* libPods.a */,
			);
			name = Frameworks;
			sourceTree = "<group>";
		};
		E15B0A2C30FF97BF33A4BA1D /* Pods */ = {
			isa = PBXGroup;
			children = (
				ECFEB6DA659C24A17EA38243 /* Pods.debug.xcconfig */,
				FAF0A9854DEC6160C8CE64E4 /* Pods.release.xcconfig */,
			);
			name = Pods;
			sourceTree = "<group>";
		};
/* End PBXGroup section */

/* Begin PBXNativeTarget section */
		8547DDF61C4DBF120075D703 /* GSHTTPAPITest */ = {
			isa = PBXNativeTarget;
			buildConfigurationList = 8547DE0E1C4DBF120075D703 /* Build configuration list for PBXNativeTarget "GSHTTPAPITest" */;
			buildPhases = (
				91553677B3F5DFCDDB47CF25 /* Check Pods Manifest.lock */,
				8547DDF31C4DBF120075D703 /* Sources */,
				8547DDF41C4DBF120075D703 /* Frameworks */,
				8547DDF51C4DBF120075D703 /* Resources */,
				58010608CF3A673679284D2E /* Embed Pods Frameworks */,
				8FE04A4390E72FD3292F404C /* Copy Pods Resources */,
			);
			buildRules = (
			);
			dependencies = (
			);
			name = GSHTTPAPITest;
			productName = GSZhiHuAPITest;
			productReference = 8547DDF71C4DBF120075D703 /* WBZhiHuDailyPape.app */;
			productType = "com.apple.product-type.application";
		};
/* End PBXNativeTarget section */

/* Begin PBXProject section */
		8547DDEF1C4DBF120075D703 /* Project object */ = {
			isa = PBXProject;
			attributes = {
				LastUpgradeCheck = 0720;
				ORGANIZATIONNAME = ZhouDamon;
				TargetAttributes = {
					8547DDF61C4DBF120075D703 = {
						CreatedOnToolsVersion = 7.2;
					};
				};
			};
			buildConfigurationList = 8547DDF21C4DBF120075D703 /* Build configuration list for PBXProject "GSHTTPAPITest" */;
			compatibilityVersion = "Xcode 3.2";
			developmentRegion = English;
			hasScannedForEncodings = 0;
			knownRegions = (
				en,
				Base,
				"zh-Hans",
			);
			mainGroup = 8547DDEE1C4DBF120075D703;
			productRefGroup = 8547DDF81C4DBF120075D703 /* Products */;
			projectDirPath = "";
			projectRoot = "";
			targets = (
				8547DDF61C4DBF120075D703 /* GSHTTPAPITest */,
			);
		};
/* End PBXProject section */

/* Begin PBXResourcesBuildPhase section */
		8547DDF51C4DBF120075D703 /* Resources */ = {
			isa = PBXResourcesBuildPhase;
			buildActionMask = 2147483647;
			files = (
				85E3C4D41D210441002E4ECB /* language.strings in Resources */,
				8547DE0A1C4DBF120075D703 /* LaunchScreen.storyboard in Resources */,
				85E3C4F21D2115A2002E4ECB /* Image.xcassets in Resources */,
				8547DE071C4DBF120075D703 /* Assets.xcassets in Resources */,
				8547DE051C4DBF120075D703 /* Main.storyboard in Resources */,
			);
			runOnlyForDeploymentPostprocessing = 0;
		};
/* End PBXResourcesBuildPhase section */

/* Begin PBXShellScriptBuildPhase section */
		58010608CF3A673679284D2E /* Embed Pods Frameworks */ = {
			isa = PBXShellScriptBuildPhase;
			buildActionMask = 2147483647;
			files = (
			);
			inputPaths = (
			);
			name = "Embed Pods Frameworks";
			outputPaths = (
			);
			runOnlyForDeploymentPostprocessing = 0;
			shellPath = /bin/sh;
			shellScript = "\"${SRCROOT}/Pods/Target Support Files/Pods/Pods-frameworks.sh\"\n";
			showEnvVarsInLog = 0;
		};
		8FE04A4390E72FD3292F404C /* Copy Pods Resources */ = {
			isa = PBXShellScriptBuildPhase;
			buildActionMask = 2147483647;
			files = (
			);
			inputPaths = (
			);
			name = "Copy Pods Resources";
			outputPaths = (
			);
			runOnlyForDeploymentPostprocessing = 0;
			shellPath = /bin/sh;
			shellScript = "\"${SRCROOT}/Pods/Target Support Files/Pods/Pods-resources.sh\"\n";
			showEnvVarsInLog = 0;
		};
		91553677B3F5DFCDDB47CF25 /* Check Pods Manifest.lock */ = {
			isa = PBXShellScriptBuildPhase;
			buildActionMask = 2147483647;
			files = (
			);
			inputPaths = (
			);
			name = "Check Pods Manifest.lock";
			outputPaths = (
			);
			runOnlyForDeploymentPostprocessing = 0;
			shellPath = /bin/sh;
			shellScript = "diff \"${PODS_ROOT}/../Podfile.lock\" \"${PODS_ROOT}/Manifest.lock\" > /dev/null\nif [[ $? != 0 ]] ; then\n    cat << EOM\nerror: The sandbox is not in sync with the Podfile.lock. Run 'pod install' or update your CocoaPods installation.\nEOM\n    exit 1\nfi\n";
			showEnvVarsInLog = 0;
		};
/* End PBXShellScriptBuildPhase section */

/* Begin PBXSourcesBuildPhase section */
		8547DDF31C4DBF120075D703 /* Sources */ = {
			isa = PBXSourcesBuildPhase;
			buildActionMask = 2147483647;
			files = (
				8547DE021C4DBF120075D703 /* LaunchAnimationView.m in Sources */,
				8547DDFF1C4DBF120075D703 /* AppDelegate.m in Sources */,
				85E3C4D11D21011A002E4ECB /* NeteaseNewsMainController.m in Sources */,
				85E3C4C51D210046002E4ECB /* ZHMainViewController.m in Sources */,
				8547DE2D1C4E32480075D703 /* UIWindow+Launch.m in Sources */,
				8547DDFC1C4DBF120075D703 /* main.m in Sources */,
				8547DE301C4E355B0075D703 /* GetLaunchDataInfo.m in Sources */,
				8547DE331C4E36960075D703 /* LaunchView.m in Sources */,
				85E3C4F01D2106CB002E4ECB /* LanguageManage.m in Sources */,
				8547DE361C4E3DD90075D703 /* CustomLaunch.m in Sources */,
				8547DE201C4E2DEA0075D703 /* MainViewController.m in Sources */,
				85E3C4CE1D2100FC002E4ECB /* VideoNewsMainController.m in Sources */,
				8547DE391C4F139E0075D703 /* LaunchData.m in Sources */,
				8547DE131C4E23B10075D703 /* AFNTool.m in Sources */,
				8575FA6E1D25021F003B9303 /* LatestSectionModel.m in Sources */,
			);
			runOnlyForDeploymentPostprocessing = 0;
		};
/* End PBXSourcesBuildPhase section */

/* Begin PBXVariantGroup section */
		8547DE031C4DBF120075D703 /* Main.storyboard */ = {
			isa = PBXVariantGroup;
			children = (
				8547DE041C4DBF120075D703 /* Base */,
				85E3C4D81D21054D002E4ECB /* zh-Hans */,
			);
			name = Main.storyboard;
			sourceTree = "<group>";
		};
		8547DE081C4DBF120075D703 /* LaunchScreen.storyboard */ = {
			isa = PBXVariantGroup;
			children = (
				8547DE091C4DBF120075D703 /* Base */,
				85E3C4D91D21054D002E4ECB /* zh-Hans */,
			);
			name = LaunchScreen.storyboard;
			sourceTree = "<group>";
		};
		85E3C4D61D210441002E4ECB /* language.strings */ = {
			isa = PBXVariantGroup;
			children = (
				85E3C4D51D210441002E4ECB /* en */,
				85E3C4DA1D21054D002E4ECB /* zh-Hans */,
			);
			name = language.strings;
			sourceTree = "<group>";
		};
/* End PBXVariantGroup section */

/* Begin XCBuildConfiguration section */
		8547DE0C1C4DBF120075D703 /* Debug */ = {
			isa = XCBuildConfiguration;
			buildSettings = {
				ALWAYS_SEARCH_USER_PATHS = NO;
				CLANG_CXX_LANGUAGE_STANDARD = "gnu++0x";
				CLANG_CXX_LIBRARY = "libc++";
				CLANG_ENABLE_MODULES = YES;
				CLANG_ENABLE_OBJC_ARC = YES;
				CLANG_WARN_BOOL_CONVERSION = YES;
				CLANG_WARN_CONSTANT_CONVERSION = YES;
				CLANG_WARN_DIRECT_OBJC_ISA_USAGE = YES_ERROR;
				CLANG_WARN_EMPTY_BODY = YES;
				CLANG_WARN_ENUM_CONVERSION = YES;
				CLANG_WARN_INT_CONVERSION = YES;
				CLANG_WARN_OBJC_ROOT_CLASS = YES_ERROR;
				CLANG_WARN_UNREACHABLE_CODE = YES;
				CLANG_WARN__DUPLICATE_METHOD_MATCH = YES;
				"CODE_SIGN_IDENTITY[sdk=iphoneos*]" = "iPhone Developer";
				COPY_PHASE_STRIP = NO;
				DEBUG_INFORMATION_FORMAT = dwarf;
				ENABLE_STRICT_OBJC_MSGSEND = YES;
				ENABLE_TESTABILITY = YES;
				GCC_C_LANGUAGE_STANDARD = gnu99;
				GCC_DYNAMIC_NO_PIC = NO;
				GCC_NO_COMMON_BLOCKS = YES;
				GCC_OPTIMIZATION_LEVEL = 0;
				GCC_PREPROCESSOR_DEFINITIONS = (
					"DEBUG=1",
					"$(inherited)",
				);
				GCC_WARN_64_TO_32_BIT_CONVERSION = YES;
				GCC_WARN_ABOUT_RETURN_TYPE = YES_ERROR;
				GCC_WARN_UNDECLARED_SELECTOR = YES;
				GCC_WARN_UNINITIALIZED_AUTOS = YES_AGGRESSIVE;
				GCC_WARN_UNUSED_FUNCTION = YES;
				GCC_WARN_UNUSED_VARIABLE = YES;
				IPHONEOS_DEPLOYMENT_TARGET = 7.0;
				MTL_ENABLE_DEBUG_INFO = YES;
				ONLY_ACTIVE_ARCH = YES;
				SDKROOT = iphoneos;
			};
			name = Debug;
		};
		8547DE0D1C4DBF120075D703 /* Release */ = {
			isa = XCBuildConfiguration;
			buildSettings = {
				ALWAYS_SEARCH_USER_PATHS = NO;
				CLANG_CXX_LANGUAGE_STANDARD = "gnu++0x";
				CLANG_CXX_LIBRARY = "libc++";
				CLANG_ENABLE_MODULES = YES;
				CLANG_ENABLE_OBJC_ARC = YES;
				CLANG_WARN_BOOL_CONVERSION = YES;
				CLANG_WARN_CONSTANT_CONVERSION = YES;
				CLANG_WARN_DIRECT_OBJC_ISA_USAGE = YES_ERROR;
				CLANG_WARN_EMPTY_BODY = YES;
				CLANG_WARN_ENUM_CONVERSION = YES;
				CLANG_WARN_INT_CONVERSION = YES;
				CLANG_WARN_OBJC_ROOT_CLASS = YES_ERROR;
				CLANG_WARN_UNREACHABLE_CODE = YES;
				CLANG_WARN__DUPLICATE_METHOD_MATCH = YES;
				"CODE_SIGN_IDENTITY[sdk=iphoneos*]" = "iPhone Developer";
				COPY_PHASE_STRIP = NO;
				DEBUG_INFORMATION_FORMAT = "dwarf-with-dsym";
				ENABLE_NS_ASSERTIONS = NO;
				ENABLE_STRICT_OBJC_MSGSEND = YES;
				GCC_C_LANGUAGE_STANDARD = gnu99;
				GCC_NO_COMMON_BLOCKS = YES;
				GCC_WARN_64_TO_32_BIT_CONVERSION = YES;
				GCC_WARN_ABOUT_RETURN_TYPE = YES_ERROR;
				GCC_WARN_UNDECLARED_SELECTOR = YES;
				GCC_WARN_UNINITIALIZED_AUTOS = YES_AGGRESSIVE;
				GCC_WARN_UNUSED_FUNCTION = YES;
				GCC_WARN_UNUSED_VARIABLE = YES;
				IPHONEOS_DEPLOYMENT_TARGET = 7.0;
				MTL_ENABLE_DEBUG_INFO = NO;
				SDKROOT = iphoneos;
				VALIDATE_PRODUCT = YES;
			};
			name = Release;
		};
		8547DE0F1C4DBF120075D703 /* Debug */ = {
			isa = XCBuildConfiguration;
			baseConfigurationReference = ECFEB6DA659C24A17EA38243 /* Pods.debug.xcconfig */;
			buildSettings = {
				ASSETCATALOG_COMPILER_APPICON_NAME = AppIcon;
				ENABLE_BITCODE = NO;
				EXECUTABLE_PREFIX = "";
				GCC_PREFIX_HEADER = GSZhiHuAPITest/PrefixHeader.pch;
				INFOPLIST_FILE = GSZhiHuAPITest/Info.plist;
				LD_RUNPATH_SEARCH_PATHS = "$(inherited) @executable_path/Frameworks";
				PRODUCT_BUNDLE_IDENTIFIER = com.grandstream.GSHTTPAPITest;
				PRODUCT_NAME = WBZhiHuDailyPape;
				TARGETED_DEVICE_FAMILY = 1;
			};
			name = Debug;
		};
		8547DE101C4DBF120075D703 /* Release */ = {
			isa = XCBuildConfiguration;
			baseConfigurationReference = FAF0A9854DEC6160C8CE64E4 /* Pods.release.xcconfig */;
			buildSettings = {
				ASSETCATALOG_COMPILER_APPICON_NAME = AppIcon;
				ENABLE_BITCODE = NO;
				EXECUTABLE_PREFIX = "";
				GCC_PREFIX_HEADER = GSZhiHuAPITest/PrefixHeader.pch;
				INFOPLIST_FILE = GSZhiHuAPITest/Info.plist;
				LD_RUNPATH_SEARCH_PATHS = "$(inherited) @executable_path/Frameworks";
				PRODUCT_BUNDLE_IDENTIFIER = com.grandstream.GSHTTPAPITest;
				PRODUCT_NAME = WBZhiHuDailyPape;
				TARGETED_DEVICE_FAMILY = 1;
			};
			name = Release;
		};
/* End XCBuildConfiguration section */

/* Begin XCConfigurationList section */
		8547DDF21C4DBF120075D703 /* Build configuration list for PBXProject "GSHTTPAPITest" */ = {
			isa = XCConfigurationList;
			buildConfigurations = (
				8547DE0C1C4DBF120075D703 /* Debug */,
				8547DE0D1C4DBF120075D703 /* Release */,
			);
			defaultConfigurationIsVisible = 0;
			defaultConfigurationName = Release;
		};
		8547DE0E1C4DBF120075D703 /* Build configuration list for PBXNativeTarget "GSHTTPAPITest" */ = {
			isa = XCConfigurationList;
			buildConfigurations = (
				8547DE0F1C4DBF120075D703 /* Debug */,
				8547DE101C4DBF120075D703 /* Release */,
			);
			defaultConfigurationIsVisible = 0;
			defaultConfigurationName = Release;
		};
/* End XCConfigurationList section */
	};
	rootObject = 8547DDEF1C4DBF120075D703 /* Project object */;
}
